
Microsoft Visual Studio Solution File, Format Version 12.00
# Visual Studio Version 17
VisualStudioVersion = 17.8.34408.163
MinimumVisualStudioVersion = 10.0.40219.1
Project("{FAE04EC0-301F-11D3-BF4B-00C04F79EFBC}") = "PaymentTemplate", "PaymentTemplate\PaymentTemplate.csproj", "{DB01E6D3-2E26-4599-AA73-25B38AC26E4B}"
EndProject
Global
	GlobalSection(SolutionConfigurationPlatforms) = preSolution
		Debug|Any CPU = Debug|Any CPU
		Release|Any CPU = Release|Any CPU
	EndGlobalSection
	GlobalSection(ProjectConfigurationPlatforms) = postSolution
		{DB01E6D3-2E26-4599-AA73-25B38AC26E4B}.Debug|Any CPU.ActiveCfg = Debug|Any CPU
		{DB01E6D3-2E26-4599-AA73-25B38AC26E4B}.Debug|Any CPU.Build.0 = Debug|Any CPU
		{DB01E6D3-2E26-4599-AA73-25B38AC26E4B}.Release|Any CPU.ActiveCfg = Release|Any CPU
		{DB01E6D3-2E26-4599-AA73-25B38AC26E4B}.Release|Any CPU.Build.0 = Release|Any CPU
	EndGlobalSection
	GlobalSection(SolutionProperties) = preSolution
		HideSolutionNode = FALSE
	EndGlobalSection
	GlobalSection(ExtensibilityGlobals) = postSolution
		SolutionGuid = {318A4B41-EA19-43AD-A92D-D1F6A61A51CD}
	EndGlobalSection
EndGlobal
